
Microsoft Visual Studio Solution File, Format Version 12.00
# Visual Studio 15
VisualStudioVersion = 15.0.27428.2043
MinimumVisualStudioVersion = 10.0.40219.1
Project("{FAE04EC0-301F-11D3-BF4B-00C04F79EFBC}") = "Bootstrap4Udemy", "Bootstrap4Udemy\Bootstrap4Udemy.csproj", "{37458516-2779-4ECD-872D-C3059F513DB0}"
EndProject
Global
	GlobalSection(SolutionConfigurationPlatforms) = preSolution
		Debug|Any CPU = Debug|Any CPU
		Release|Any CPU = Release|Any CPU
	EndGlobalSection
	GlobalSection(ProjectConfigurationPlatforms) = postSolution
		{37458516-2779-4ECD-872D-C3059F513DB0}.Debug|Any CPU.ActiveCfg = Debug|Any CPU
		{37458516-2779-4ECD-872D-C3059F513DB0}.Debug|Any CPU.Build.0 = Debug|Any CPU
		{37458516-2779-4ECD-872D-C3059F513DB0}.Release|Any CPU.ActiveCfg = Release|Any CPU
		{37458516-2779-4ECD-872D-C3059F513DB0}.Release|Any CPU.Build.0 = Release|Any CPU
	EndGlobalSection
	GlobalSection(SolutionProperties) = preSolution
		HideSolutionNode = FALSE
	EndGlobalSection
	GlobalSection(ExtensibilityGlobals) = postSolution
		SolutionGuid = {64D701CB-A4AF-4D6A-8B4C-436550A92C66}
	EndGlobalSection
EndGlobal
